
Microsoft Visual Studio Solution File, Format Version 12.00
# Visual Studio Version 17
VisualStudioVersion = 17.7.34221.43
MinimumVisualStudioVersion = 10.0.40219.1
Project("{FAE04EC0-301F-11D3-BF4B-00C04F79EFBC}") = "Projekt_AISD_S", "Projekt_AISD_S\Projekt_AISD_S.csproj", "{3625EF9D-2B58-4392-9FA9-4786B8FCF4A5}"
EndProject
Global
	GlobalSection(SolutionConfigurationPlatforms) = preSolution
		Debug|Any CPU = Debug|Any CPU
		Release|Any CPU = Release|Any CPU
	EndGlobalSection
	GlobalSection(ProjectConfigurationPlatforms) = postSolution
		{3625EF9D-2B58-4392-9FA9-4786B8FCF4A5}.Debug|Any CPU.ActiveCfg = Debug|Any CPU
		{3625EF9D-2B58-4392-9FA9-4786B8FCF4A5}.Debug|Any CPU.Build.0 = Debug|Any CPU
		{3625EF9D-2B58-4392-9FA9-4786B8FCF4A5}.Release|Any CPU.ActiveCfg = Release|Any CPU
		{3625EF9D-2B58-4392-9FA9-4786B8FCF4A5}.Release|Any CPU.Build.0 = Release|Any CPU
	EndGlobalSection
	GlobalSection(SolutionProperties) = preSolution
		HideSolutionNode = FALSE
	EndGlobalSection
	GlobalSection(ExtensibilityGlobals) = postSolution
		SolutionGuid = {8DBDB967-03CD-4CE3-B23D-F51ADE58292B}
	EndGlobalSection
EndGlobal
